// !$*UTF8*$!
{
	archiveVersion = 1;
	classes = {
	};
	objectVersion = 54;
	objects = {

/* Begin PBXBuildFile section */
		7B8A1C2B2B7F8B7D00A1B2C3 /* AppDelegate.swift in Sources */ = {isa = PBXBuildFile; fileRef = 7B8A1C2A2B7F8B7D00A1B2C3 /* AppDelegate.swift */; };
		7B8A1C2D2B7F8B7D00A1B2C3 /* ViewController.swift in Sources */ = {isa = PBXBuildFile; fileRef = 7B8A1C2C2B7F8B7D00A1B2C3 /* ViewController.swift */; };
		7B8A1C2F2B7F8B7D00A1B2C3 /* Main.storyboard in Resources */ = {isa = PBXBuildFile; fileRef = 7B8A1C2E2B7F8B7D00A1B2C3 /* Main.storyboard */; };
/* End PBXBuildFile section */

/* Begin PBXFileReference section */
		7B8A1C292B7F8B7D00A1B2C3 /* CounterApp.app */ = {isa = PBXFileReference; explicitFileType = wrapper.application; includeInIndex = 0; path = CounterApp.app; sourceTree = BUILT_PRODUCTS_DIR; };
		7B8A1C2A2B7F8B7D00A1B2C3 /* AppDelegate.swift */ = {isa = PBXFileReference; lastKnownFileType = sourcecode.swift; path = AppDelegate.swift; sourceTree = "<group>"; };
		7B8A1C2C2B7F8B7D00A1B2C3 /* ViewController.swift */ = {isa = PBXFileReference; lastKnownFileType = sourcecode.swift; path = ViewController.swift; sourceTree = "<group>"; };
		7B8A1C2E2B7F8B7D00A1B2C3 /* Main.storyboard */ = {isa = PBXFileReference; lastKnownFileType = file.storyboard; path = Main.storyboard; sourceTree = "<group>"; };
		7B8A1C302B7F8B7D00A1B2C3 /* Assets.xcassets */ = {isa = PBXFileReference; lastKnownFileType = folder.assetcatalog; path = Assets.xcassets; sourceTree = "<group>"; };
		7B8A1C312B7F8B7D00A1B2C3 /* Info.plist */ = {isa = PBXFileReference; lastKnownFileType = text.plist.xml; path = Info.plist; sourceTree = "<group>"; };
		7B8A1C332B7F8B7D00A1B2C3 /* exportOptions.plist */ = {isa = PBXFileReference; lastKnownFileType = text.plist.xml; path = exportOptions.plist; sourceTree = "<group>"; };
/* End PBXFileReference section */

/* Begin PBXGroup section */
		7B8A1C242B7F8B7D00A1B2C3 = {
			isa = PBXGroup;
			children = (
				7B8A1C2A2B7F8B7D00A1B2C3 /* AppDelegate.swift */,
				7B8A1C2C2B7F8B7D00A1B2C3 /* ViewController.swift */,
				7B8A1C2E2B7F8B7D00A1B2C3 /* Main.storyboard */,
				7B8A1C302B7F8B7D00A1B2C3 /* Assets.xcassets */,
				7B8A1C312B7F8B7D00A1B2C3 /* Info.plist */,
				7B8A1C332B7F8B7D00A1B2C3 /* exportOptions.plist */,
			);
			path = CounterApp;
			sourceTree = "<group>";
		};
		7B8A1C252B7F8B7D00A1B2C3 /* Products */ = {
			isa = PBXGroup;
			children = (
				7B8A1C292B7F8B7D00A1B2C3 /* CounterApp.app */,
			);
			name = Products;
			sourceTree = "<group>";
		};
/* End PBXGroup section */

/* Begin PBXProject section */
		7B8A1C262B7F8B7D00A1B2C3 /* Project object */ = {
			isa = PBXProject;
			attributes = {
				BuildIndependentTargetsInParallel = YES;
				LastSwiftUpdateCheck = 1240;
				LastUpgradeCheck = 1240;
				TargetAttributes = {
					7B8A1C282B7F8B7D00A1B2C3 = {
						CreatedOnToolsVersion = 12.4;
					};
				};
			};
			buildConfigurationList = 7B8A1C272B7F8B7D00A1B2C3 /* Build configuration list for PBXProject "CounterApp" */;
			compatibilityVersion = "Xcode 9.3";
			developmentRegion = en;
			hasScannedForEncodings = 0;
			knownRegions = (
				en,
				Base,
			);
			mainGroup = 7B8A1C242B7F8B7D00A1B2C3;
			productRefGroup = 7B8A1C252B7F8B7D00A1B2C3 /* Products */;
			projectDirPath = "";
			projectRoot = "";
			targets = (
				7B8A1C282B7F8B7D00A1B2C3 /* CounterApp */,
			);
		};
/* End PBXProject section */

/* Begin PBXSourcesBuildPhase section */
		7B8A1C2B2B7F8B7D00A1B2C3 /* Sources */ = {
			isa = PBXSourcesBuildPhase;
			buildActionMask = 2147483647;
			files = (
				7B8A1C2B2B7F8B7D00A1B2C3 /* AppDelegate.swift in Sources */,
				7B8A1C2D2B7F8B7D00A1B2C3 /* ViewController.swift in Sources */,
			);
			runOnlyForDeploymentPostprocessing = 0;
		};
/* End PBXSourcesBuildPhase section */

/* Begin PBXResourcesBuildPhase section */
		7B8A1C2F2B7F8B7D00A1B2C3 /* Resources */ = {
			isa = PBXResourcesBuildPhase;
			buildActionMask = 2147483647;
			files = (
				7B8A1C2F2B7F8B7D00A1B2C3 /* Main.storyboard in Resources */,
				7B8A1C302B7F8B7D00A1B2C3 /* Assets.xcassets in Resources */,
			);
			runOnlyForDeploymentPostprocessing = 0;
		};
/* End PBXResourcesBuildPhase section */

/* Begin PBXNativeTarget section */
		7B8A1C282B7F8B7D00A1B2C3 /* CounterApp */ = {
			isa = PBXNativeTarget;
			buildConfigurationList = 7B8A1C322B7F8B7D00A1B2C3 /* Build configuration list for PBXNativeTarget "CounterApp" */;
			buildPhases = (
				7B8A1C2B2B7F8B7D00A1B2C3 /* Sources */,
				7B8A1C2F2B7F8B7D00A1B2C3 /* Resources */,
			);
			buildRules = (
			);
			dependencies = (
			);
			name = CounterApp;
			productName = CounterApp;
			productReference = 7B8A1C292B7F8B7D00A1B2C3 /* CounterApp.app */;
			productType = "com.apple.product-type.application";
		};
/* End PBXNativeTarget section */

/* Begin XCBuildConfiguration section */
		7B8A1C272B7F8B7D00A1B2C3 /* Build configuration list for PBXProject "CounterApp" */ = {
			isa = XCBuildConfiguration;
			buildSettings = {
				ALWAYS_SEARCH_USER_PATHS = NO;
				CLANG_ENABLE_MODULES = YES;
				CODE_SIGN_STYLE = Automatic;
				DEVELOPMENT_TEAM = "";
				INFOPLIST_FILE = Info.plist;
				PRODUCT_BUNDLE_IDENTIFIER = com.yaffa.CounterApp;
				SWIFT_VERSION = 5.0;
			};
			name = Debug;
		};
		7B8A1C322B7F8B7D00A1B2C3 /* Build configuration list for PBXNativeTarget "CounterApp" */ = {
			isa = XCBuildConfiguration;
			buildSettings = {
				ASSETCATALOG_COMPILER_APPICON_NAME = AppIcon;
				CODE_SIGN_STYLE = Automatic;
				DEVELOPMENT_TEAM = "";
				INFOPLIST_FILE = Info.plist;
				LD_RUNPATH_SEARCH_PATHS = (
					"$(inherited)",
					"@executable_path/Frameworks",
				);
				PRODUCT_BUNDLE_IDENTIFIER = com.yaffa.CounterApp;
				PRODUCT_NAME = "$(TARGET_NAME)";
				SWIFT_VERSION = 5.0;
				TARGETED_DEVICE_FAMILY = "1";
			};
			name = Debug;
		};
/* End XCBuildConfiguration section */

/* Begin XCConfigurationList section */
		7B8A1C272B7F8B7D00A1B2C3 /* Build configuration list for PBXProject "CounterApp" */ = {
			isa = XCConfigurationList;
			buildConfigurations = (
				7B8A1C272B7F8B7D00A1B2C3 /* Debug */,
			);
			defaultConfigurationIsVisible = 0;
			defaultConfigurationName = Debug;
		};
		7B8A1C322B7F8B7D00A1B2C3 /* Build configuration list for PBXNativeTarget "CounterApp" */ = {
			isa = XCConfigurationList;
			buildConfigurations = (
				7B8A1C322B7F8B7D00A1B2C3 /* Debug */,
			);
			defaultConfigurationIsVisible = 0;
			defaultConfigurationName = Debug;
		};
/* End XCConfigurationList section */
	};
	rootObject = 7B8A1C262B7F8B7D00A1B2C3 /* Project object */;
}